
Microsoft Visual Studio Solution File, Format Version 12.00
# Visual Studio Version 16
VisualStudioVersion = 16.0.810.23
MinimumVisualStudioVersion = 10.0.40219.1
Project("{FAE04EC0-301F-11D3-BF4B-00C04F79EFBC}") = "pirmauzduotis", "pirmauzduotis.csproj", "{631BBD1B-1E27-479C-B047-46F005A220ED}"
EndProject
Global
	GlobalSection(SolutionConfigurationPlatforms) = preSolution
		Debug|Any CPU = Debug|Any CPU
		Release|Any CPU = Release|Any CPU
	EndGlobalSection
	GlobalSection(ProjectConfigurationPlatforms) = postSolution
		{631BBD1B-1E27-479C-B047-46F005A220ED}.Debug|Any CPU.ActiveCfg = Debug|Any CPU
		{631BBD1B-1E27-479C-B047-46F005A220ED}.Debug|Any CPU.Build.0 = Debug|Any CPU
		{631BBD1B-1E27-479C-B047-46F005A220ED}.Release|Any CPU.ActiveCfg = Release|Any CPU
		{631BBD1B-1E27-479C-B047-46F005A220ED}.Release|Any CPU.Build.0 = Release|Any CPU
	EndGlobalSection
	GlobalSection(SolutionProperties) = preSolution
		HideSolutionNode = FALSE
	EndGlobalSection
	GlobalSection(ExtensibilityGlobals) = postSolution
		SolutionGuid = {985F7F66-FB84-495B-A872-114AEED37E7B}
	EndGlobalSection
EndGlobal
